// !$*UTF8*$!
{
	archiveVersion = 1;
	classes = {
	};
	objectVersion = 50;
	objects = {

/* Begin PBXBuildFile section */
		19367079240D1DD80090CDEF /* AppDelegate.swift in Sources */ = {isa = PBXBuildFile; fileRef = 19367078240D1DD80090CDEF /* AppDelegate.swift */; };
		1936707B240D1DD80090CDEF /* SceneDelegate.swift in Sources */ = {isa = PBXBuildFile; fileRef = 1936707A240D1DD80090CDEF /* SceneDelegate.swift */; };
		1936707D240D1DD80090CDEF /* MainViewController.swift in Sources */ = {isa = PBXBuildFile; fileRef = 1936707C240D1DD80090CDEF /* MainViewController.swift */; };
		19367080240D1DD80090CDEF /* Main.storyboard in Resources */ = {isa = PBXBuildFile; fileRef = 1936707E240D1DD80090CDEF /* Main.storyboard */; };
		19367082240D1DDD0090CDEF /* Assets.xcassets in Resources */ = {isa = PBXBuildFile; fileRef = 19367081240D1DDD0090CDEF /* Assets.xcassets */; };
		19367085240D1DDD0090CDEF /* LaunchScreen.storyboard in Resources */ = {isa = PBXBuildFile; fileRef = 19367083240D1DDD0090CDEF /* LaunchScreen.storyboard */; };
/* End PBXBuildFile section */

/* Begin PBXFileReference section */
		19367075240D1DD80090CDEF /* HighWaters.app */ = {isa = PBXFileReference; explicitFileType = wrapper.application; includeInIndex = 0; path = HighWaters.app; sourceTree = BUILT_PRODUCTS_DIR; };
		19367078240D1DD80090CDEF /* AppDelegate.swift */ = {isa = PBXFileReference; lastKnownFileType = sourcecode.swift; path = AppDelegate.swift; sourceTree = "<group>"; };
		1936707A240D1DD80090CDEF /* SceneDelegate.swift */ = {isa = PBXFileReference; lastKnownFileType = sourcecode.swift; path = SceneDelegate.swift; sourceTree = "<group>"; };
		1936707C240D1DD80090CDEF /* MainViewController.swift */ = {isa = PBXFileReference; lastKnownFileType = sourcecode.swift; path = MainViewController.swift; sourceTree = "<group>"; };
		1936707F240D1DD80090CDEF /* Base */ = {isa = PBXFileReference; lastKnownFileType = file.storyboard; name = Base; path = Base.lproj/Main.storyboard; sourceTree = "<group>"; };
		19367081240D1DDD0090CDEF /* Assets.xcassets */ = {isa = PBXFileReference; lastKnownFileType = folder.assetcatalog; path = Assets.xcassets; sourceTree = "<group>"; };
		19367084240D1DDD0090CDEF /* Base */ = {isa = PBXFileReference; lastKnownFileType = file.storyboard; name = Base; path = Base.lproj/LaunchScreen.storyboard; sourceTree = "<group>"; };
		19367086240D1DDD0090CDEF /* Info.plist */ = {isa = PBXFileReference; lastKnownFileType = text.plist.xml; path = Info.plist; sourceTree = "<group>"; };
/* End PBXFileReference section */

/* Begin PBXFrameworksBuildPhase section */
		19367072240D1DD80090CDEF /* Frameworks */ = {
			isa = PBXFrameworksBuildPhase;
			buildActionMask = 2147483647;
			files = (
			);
			runOnlyForDeploymentPostprocessing = 0;
		};
/* End PBXFrameworksBuildPhase section */

/* Begin PBXGroup section */
		1936706C240D1DD70090CDEF = {
			isa = PBXGroup;
			children = (
				19367077240D1DD80090CDEF /* HighWaters */,
				19367076240D1DD80090CDEF /* Products */,
			);
			sourceTree = "<group>";
		};
		19367076240D1DD80090CDEF /* Products */ = {
			isa = PBXGroup;
			children = (
				19367075240D1DD80090CDEF /* HighWaters.app */,
			);
			name = Products;
			sourceTree = "<group>";
		};
		19367077240D1DD80090CDEF /* HighWaters */ = {
			isa = PBXGroup;
			children = (
				19367086240D1DDD0090CDEF /* Info.plist */,
				19367081240D1DDD0090CDEF /* Assets.xcassets */,
				19D8B0BD24167C580049DAAF /* Controller */,
				19D8B0C024167C8D0049DAAF /* Model */,
				19D8B0BF24167C6F0049DAAF /* Storyboard */,
				19D8B0BE24167C5F0049DAAF /* View */,
			);
			path = HighWaters;
			sourceTree = "<group>";
		};
		19D8B0BD24167C580049DAAF /* Controller */ = {
			isa = PBXGroup;
			children = (
				19D8B0C124167CB90049DAAF /* Application */,
				1936707C240D1DD80090CDEF /* MainViewController.swift */,
			);
			path = Controller;
			sourceTree = "<group>";
		};
		19D8B0BE24167C5F0049DAAF /* View */ = {
			isa = PBXGroup;
			children = (
			);
			path = View;
			sourceTree = "<group>";
		};
		19D8B0BF24167C6F0049DAAF /* Storyboard */ = {
			isa = PBXGroup;
			children = (
				19367083240D1DDD0090CDEF /* LaunchScreen.storyboard */,
				1936707E240D1DD80090CDEF /* Main.storyboard */,
			);
			path = Storyboard;
			sourceTree = "<group>";
		};
		19D8B0C024167C8D0049DAAF /* Model */ = {
			isa = PBXGroup;
			children = (
			);
			path = Model;
			sourceTree = "<group>";
		};
		19D8B0C124167CB90049DAAF /* Application */ = {
			isa = PBXGroup;
			children = (
				1936707A240D1DD80090CDEF /* SceneDelegate.swift */,
				19367078240D1DD80090CDEF /* AppDelegate.swift */,
			);
			path = Application;
			sourceTree = "<group>";
		};
/* End PBXGroup section */

/* Begin PBXNativeTarget section */
		19367074240D1DD80090CDEF /* HighWaters */ = {
			isa = PBXNativeTarget;
			buildConfigurationList = 19367089240D1DDD0090CDEF /* Build configuration list for PBXNativeTarget "HighWaters" */;
			buildPhases = (
				19367071240D1DD80090CDEF /* Sources */,
				19367072240D1DD80090CDEF /* Frameworks */,
				19367073240D1DD80090CDEF /* Resources */,
			);
			buildRules = (
			);
			dependencies = (
			);
			name = HighWaters;
			productName = HighWaters;
			productReference = 19367075240D1DD80090CDEF /* HighWaters.app */;
			productType = "com.apple.product-type.application";
		};
/* End PBXNativeTarget section */

/* Begin PBXProject section */
		1936706D240D1DD80090CDEF /* Project object */ = {
			isa = PBXProject;
			attributes = {
				LastSwiftUpdateCheck = 1110;
				LastUpgradeCheck = 1110;
				ORGANIZATIONNAME = capsella.io;
				TargetAttributes = {
					19367074240D1DD80090CDEF = {
						CreatedOnToolsVersion = 11.1;
					};
				};
			};
			buildConfigurationList = 19367070240D1DD80090CDEF /* Build configuration list for PBXProject "HighWaters" */;
			compatibilityVersion = "Xcode 9.3";
			developmentRegion = en;
			hasScannedForEncodings = 0;
			knownRegions = (
				en,
				Base,
			);
			mainGroup = 1936706C240D1DD70090CDEF;
			productRefGroup = 19367076240D1DD80090CDEF /* Products */;
			projectDirPath = "";
			projectRoot = "";
			targets = (
				19367074240D1DD80090CDEF /* HighWaters */,
			);
		};
/* End PBXProject section */

/* Begin PBXResourcesBuildPhase section */
		19367073240D1DD80090CDEF /* Resources */ = {
			isa = PBXResourcesBuildPhase;
			buildActionMask = 2147483647;
			files = (
				19367085240D1DDD0090CDEF /* LaunchScreen.storyboard in Resources */,
				19367082240D1DDD0090CDEF /* Assets.xcassets in Resources */,
				19367080240D1DD80090CDEF /* Main.storyboard in Resources */,
			);
			runOnlyForDeploymentPostprocessing = 0;
		};
/* End PBXResourcesBuildPhase section */

/* Begin PBXSourcesBuildPhase section */
		19367071240D1DD80090CDEF /* Sources */ = {
			isa = PBXSourcesBuildPhase;
			buildActionMask = 2147483647;
			files = (
				1936707D240D1DD80090CDEF /* MainViewController.swift in Sources */,
				19367079240D1DD80090CDEF /* AppDelegate.swift in Sources */,
				1936707B240D1DD80090CDEF /* SceneDelegate.swift in Sources */,
			);
			runOnlyForDeploymentPostprocessing = 0;
		};
/* End PBXSourcesBuildPhase section */

/* Begin PBXVariantGroup section */
		1936707E240D1DD80090CDEF /* Main.storyboard */ = {
			isa = PBXVariantGroup;
			children = (
				1936707F240D1DD80090CDEF /* Base */,
			);
			name = Main.storyboard;
			sourceTree = "<group>";
		};
		19367083240D1DDD0090CDEF /* LaunchScreen.storyboard */ = {
			isa = PBXVariantGroup;
			children = (
				19367084240D1DDD0090CDEF /* Base */,
			);
			name = LaunchScreen.storyboard;
			sourceTree = "<group>";
		};
/* End PBXVariantGroup section */

/* Begin XCBuildConfiguration section */
		19367087240D1DDD0090CDEF /* Debug */ = {
			isa = XCBuildConfiguration;
			buildSettings = {
				ALWAYS_SEARCH_USER_PATHS = NO;
				CLANG_ANALYZER_NONNULL = YES;
				CLANG_ANALYZER_NUMBER_OBJECT_CONVERSION = YES_AGGRESSIVE;
				CLANG_CXX_LANGUAGE_STANDARD = "gnu++14";
				CLANG_CXX_LIBRARY = "libc++";
				CLANG_ENABLE_MODULES = YES;
				CLANG_ENABLE_OBJC_ARC = YES;
				CLANG_ENABLE_OBJC_WEAK = YES;
				CLANG_WARN_BLOCK_CAPTURE_AUTORELEASING = YES;
				CLANG_WARN_BOOL_CONVERSION = YES;
				CLANG_WARN_COMMA = YES;
				CLANG_WARN_CONSTANT_CONVERSION = YES;
				CLANG_WARN_DEPRECATED_OBJC_IMPLEMENTATIONS = YES;
				CLANG_WARN_DIRECT_OBJC_ISA_USAGE = YES_ERROR;
				CLANG_WARN_DOCUMENTATION_COMMENTS = YES;
				CLANG_WARN_EMPTY_BODY = YES;
				CLANG_WARN_ENUM_CONVERSION = YES;
				CLANG_WARN_INFINITE_RECURSION = YES;
				CLANG_WARN_INT_CONVERSION = YES;
				CLANG_WARN_NON_LITERAL_NULL_CONVERSION = YES;
				CLANG_WARN_OBJC_IMPLICIT_RETAIN_SELF = YES;
				CLANG_WARN_OBJC_LITERAL_CONVERSION = YES;
				CLANG_WARN_OBJC_ROOT_CLASS = YES_ERROR;
				CLANG_WARN_RANGE_LOOP_ANALYSIS = YES;
				CLANG_WARN_STRICT_PROTOTYPES = YES;
				CLANG_WARN_SUSPICIOUS_MOVE = YES;
				CLANG_WARN_UNGUARDED_AVAILABILITY = YES_AGGRESSIVE;
				CLANG_WARN_UNREACHABLE_CODE = YES;
				CLANG_WARN__DUPLICATE_METHOD_MATCH = YES;
				COPY_PHASE_STRIP = NO;
				DEBUG_INFORMATION_FORMAT = dwarf;
				ENABLE_STRICT_OBJC_MSGSEND = YES;
				ENABLE_TESTABILITY = YES;
				GCC_C_LANGUAGE_STANDARD = gnu11;
				GCC_DYNAMIC_NO_PIC = NO;
				GCC_NO_COMMON_BLOCKS = YES;
				GCC_OPTIMIZATION_LEVEL = 0;
				GCC_PREPROCESSOR_DEFINITIONS = (
					"DEBUG=1",
					"$(inherited)",
				);
				GCC_WARN_64_TO_32_BIT_CONVERSION = YES;
				GCC_WARN_ABOUT_RETURN_TYPE = YES_ERROR;
				GCC_WARN_UNDECLARED_SELECTOR = YES;
				GCC_WARN_UNINITIALIZED_AUTOS = YES_AGGRESSIVE;
				GCC_WARN_UNUSED_FUNCTION = YES;
				GCC_WARN_UNUSED_VARIABLE = YES;
				IPHONEOS_DEPLOYMENT_TARGET = 13.1;
				MTL_ENABLE_DEBUG_INFO = INCLUDE_SOURCE;
				MTL_FAST_MATH = YES;
				ONLY_ACTIVE_ARCH = YES;
				SDKROOT = iphoneos;
				SWIFT_ACTIVE_COMPILATION_CONDITIONS = DEBUG;
				SWIFT_OPTIMIZATION_LEVEL = "-Onone";
			};
			name = Debug;
		};
		19367088240D1DDD0090CDEF /* Release */ = {
			isa = XCBuildConfiguration;
			buildSettings = {
				ALWAYS_SEARCH_USER_PATHS = NO;
				CLANG_ANALYZER_NONNULL = YES;
				CLANG_ANALYZER_NUMBER_OBJECT_CONVERSION = YES_AGGRESSIVE;
				CLANG_CXX_LANGUAGE_STANDARD = "gnu++14";
				CLANG_CXX_LIBRARY = "libc++";
				CLANG_ENABLE_MODULES = YES;
				CLANG_ENABLE_OBJC_ARC = YES;
				CLANG_ENABLE_OBJC_WEAK = YES;
				CLANG_WARN_BLOCK_CAPTURE_AUTORELEASING = YES;
				CLANG_WARN_BOOL_CONVERSION = YES;
				CLANG_WARN_COMMA = YES;
				CLANG_WARN_CONSTANT_CONVERSION = YES;
				CLANG_WARN_DEPRECATED_OBJC_IMPLEMENTATIONS = YES;
				CLANG_WARN_DIRECT_OBJC_ISA_USAGE = YES_ERROR;
				CLANG_WARN_DOCUMENTATION_COMMENTS = YES;
				CLANG_WARN_EMPTY_BODY = YES;
				CLANG_WARN_ENUM_CONVERSION = YES;
				CLANG_WARN_INFINITE_RECURSION = YES;
				CLANG_WARN_INT_CONVERSION = YES;
				CLANG_WARN_NON_LITERAL_NULL_CONVERSION = YES;
				CLANG_WARN_OBJC_IMPLICIT_RETAIN_SELF = YES;
				CLANG_WARN_OBJC_LITERAL_CONVERSION = YES;
				CLANG_WARN_OBJC_ROOT_CLASS = YES_ERROR;
				CLANG_WARN_RANGE_LOOP_ANALYSIS = YES;
				CLANG_WARN_STRICT_PROTOTYPES = YES;
				CLANG_WARN_SUSPICIOUS_MOVE = YES;
				CLANG_WARN_UNGUARDED_AVAILABILITY = YES_AGGRESSIVE;
				CLANG_WARN_UNREACHABLE_CODE = YES;
				CLANG_WARN__DUPLICATE_METHOD_MATCH = YES;
				COPY_PHASE_STRIP = NO;
				DEBUG_INFORMATION_FORMAT = "dwarf-with-dsym";
				ENABLE_NS_ASSERTIONS = NO;
				ENABLE_STRICT_OBJC_MSGSEND = YES;
				GCC_C_LANGUAGE_STANDARD = gnu11;
				GCC_NO_COMMON_BLOCKS = YES;
				GCC_WARN_64_TO_32_BIT_CONVERSION = YES;
				GCC_WARN_ABOUT_RETURN_TYPE = YES_ERROR;
				GCC_WARN_UNDECLARED_SELECTOR = YES;
				GCC_WARN_UNINITIALIZED_AUTOS = YES_AGGRESSIVE;
				GCC_WARN_UNUSED_FUNCTION = YES;
				GCC_WARN_UNUSED_VARIABLE = YES;
				IPHONEOS_DEPLOYMENT_TARGET = 13.1;
				MTL_ENABLE_DEBUG_INFO = NO;
				MTL_FAST_MATH = YES;
				SDKROOT = iphoneos;
				SWIFT_COMPILATION_MODE = wholemodule;
				SWIFT_OPTIMIZATION_LEVEL = "-O";
				VALIDATE_PRODUCT = YES;
			};
			name = Release;
		};
		1936708A240D1DDD0090CDEF /* Debug */ = {
			isa = XCBuildConfiguration;
			buildSettings = {
				ASSETCATALOG_COMPILER_APPICON_NAME = AppIcon;
				CODE_SIGN_STYLE = Automatic;
				DEVELOPMENT_TEAM = MFL3J8KSVN;
				INFOPLIST_FILE = HighWaters/Info.plist;
				LD_RUNPATH_SEARCH_PATHS = (
					"$(inherited)",
					"@executable_path/Frameworks",
				);
				PRODUCT_BUNDLE_IDENTIFIER = io.capsella.HighWaters;
				PRODUCT_NAME = "$(TARGET_NAME)";
				SWIFT_VERSION = 5.0;
				TARGETED_DEVICE_FAMILY = 1;
			};
			name = Debug;
		};
		1936708B240D1DDD0090CDEF /* Release */ = {
			isa = XCBuildConfiguration;
			buildSettings = {
				ASSETCATALOG_COMPILER_APPICON_NAME = AppIcon;
				CODE_SIGN_STYLE = Automatic;
				DEVELOPMENT_TEAM = MFL3J8KSVN;
				INFOPLIST_FILE = HighWaters/Info.plist;
				LD_RUNPATH_SEARCH_PATHS = (
					"$(inherited)",
					"@executable_path/Frameworks",
				);
				PRODUCT_BUNDLE_IDENTIFIER = io.capsella.HighWaters;
				PRODUCT_NAME = "$(TARGET_NAME)";
				SWIFT_VERSION = 5.0;
				TARGETED_DEVICE_FAMILY = 1;
			};
			name = Release;
		};
/* End XCBuildConfiguration section */

/* Begin XCConfigurationList section */
		19367070240D1DD80090CDEF /* Build configuration list for PBXProject "HighWaters" */ = {
			isa = XCConfigurationList;
			buildConfigurations = (
				19367087240D1DDD0090CDEF /* Debug */,
				19367088240D1DDD0090CDEF /* Release */,
			);
			defaultConfigurationIsVisible = 0;
			defaultConfigurationName = Release;
		};
		19367089240D1DDD0090CDEF /* Build configuration list for PBXNativeTarget "HighWaters" */ = {
			isa = XCConfigurationList;
			buildConfigurations = (
				1936708A240D1DDD0090CDEF /* Debug */,
				1936708B240D1DDD0090CDEF /* Release */,
			);
			defaultConfigurationIsVisible = 0;
			defaultConfigurationName = Release;
		};
/* End XCConfigurationList section */
	};
	rootObject = 1936706D240D1DD80090CDEF /* Project object */;
}
